{
  "version": 4,
  "terraform_version": "1.7.5",
  "serial": 8,
  "lineage": "ca37cdfd-769f-1c68-aa17-0b876a1b7236",
  "outputs": {},
  "resources": [
    {
      "mode": "managed",
      "type": "local_file",
      "name": "sport",
      "provider": "provider[\"registry.terraform.io/hashicorp/local\"]",
      "instances": [
        {
          "schema_version": 0,
          "attributes": {
            "content": "I love sport",
            "content_base64": null,
            "content_base64sha256": "Z87J9kGk/y1DiErB8qij5s0OvorO9E8w27rIIxzFAmM=",
            "content_base64sha512": "vvEqfWYoHfL8pNthKrMe0OZcTDjULG/4qW5IbGKEW//ETJsVLe7hX5jSklPKzxF28g1ajnXWunCbBbyvkF34sg==",
            "content_md5": "e0ee450760e4e7c5ad4ae4940d8a6dbe",
            "content_sha1": "ce250339cc0cc7a68c3f22314f26c10fd43bd777",
            "content_sha256": "67cec9f641a4ff2d43884ac1f2a8a3e6cd0ebe8acef44f30dbbac8231cc50263",
            "content_sha512": "bef12a7d66281df2fca4db612ab31ed0e65c4c38d42c6ff8a96e486c62845bffc44c9b152deee15f98d29253cacf1176f20d5a8e75d6ba709b05bcaf905df8b2",
            "directory_permission": "0777",
            "file_permission": "0777",
            "filename": "/home/Desktop/Primus learning/learn-terraform-docker-container/intro-to-terraform/sport.txt",
            "id": "ce250339cc0cc7a68c3f22314f26c10fd43bd777",
            "sensitive_content": null,
            "source": null
          },
          "sensitive_attributes": []
        }
      ]
    }
  ],
  "check_results": null
}
