{
  "version": 4,
  "terraform_version": "1.7.5",
  "serial": 8,
  "lineage": "95b68004-2f26-62f8-69cf-e64d33fde26b",
  "outputs": {},
  "resources": [
    {
      "mode": "managed",
      "type": "local_file",
      "name": "pig",
      "provider": "provider[\"registry.terraform.io/hashicorp/local\"]",
      "instances": [
        {
          "index_key": 0,
          "schema_version": 0,
          "attributes": {
            "content": "we love pork",
            "content_base64": null,
            "content_base64sha256": "zIiJY+c+Ney5Ui/yk9Njpzo/e2NCBuQAVig3gABfA/Q=",
            "content_base64sha512": "JOcJ2iIuaJjRah24dbej4rd1TT2Z60YSD8NrFqUpz9gcw9qHln/gZLubMiBk9mIXPGuQuPtnQSHuRx1LmEdd1g==",
            "content_md5": "908128029914397de232d7ca54a87e80",
            "content_sha1": "95919a60a20353cb99699bf3f98a56344d85ebe0",
            "content_sha256": "cc888963e73e35ecb9522ff293d363a73a3f7b634206e40056283780005f03f4",
            "content_sha512": "24e709da222e6898d16a1db875b7a3e2b7754d3d99eb46120fc36b16a529cfd81cc3da87967fe064bb9b322064f662173c6b90b8fb674121ee471d4b98475dd6",
            "directory_permission": "0777",
            "file_permission": "0777",
            "filename": "pig.txt",
            "id": "95919a60a20353cb99699bf3f98a56344d85ebe0",
            "sensitive_content": null,
            "source": null
          },
          "sensitive_attributes": []
        },
        {
          "index_key": 1,
          "schema_version": 0,
          "attributes": {
            "content": "we love pork",
            "content_base64": null,
            "content_base64sha256": "zIiJY+c+Ney5Ui/yk9Njpzo/e2NCBuQAVig3gABfA/Q=",
            "content_base64sha512": "JOcJ2iIuaJjRah24dbej4rd1TT2Z60YSD8NrFqUpz9gcw9qHln/gZLubMiBk9mIXPGuQuPtnQSHuRx1LmEdd1g==",
            "content_md5": "908128029914397de232d7ca54a87e80",
            "content_sha1": "95919a60a20353cb99699bf3f98a56344d85ebe0",
            "content_sha256": "cc888963e73e35ecb9522ff293d363a73a3f7b634206e40056283780005f03f4",
            "content_sha512": "24e709da222e6898d16a1db875b7a3e2b7754d3d99eb46120fc36b16a529cfd81cc3da87967fe064bb9b322064f662173c6b90b8fb674121ee471d4b98475dd6",
            "directory_permission": "0777",
            "file_permission": "0777",
            "filename": "dog.txt",
            "id": "95919a60a20353cb99699bf3f98a56344d85ebe0",
            "sensitive_content": null,
            "source": null
          },
          "sensitive_attributes": []
        },
        {
          "index_key": 2,
          "schema_version": 0,
          "attributes": {
            "content": "we love pork",
            "content_base64": null,
            "content_base64sha256": "zIiJY+c+Ney5Ui/yk9Njpzo/e2NCBuQAVig3gABfA/Q=",
            "content_base64sha512": "JOcJ2iIuaJjRah24dbej4rd1TT2Z60YSD8NrFqUpz9gcw9qHln/gZLubMiBk9mIXPGuQuPtnQSHuRx1LmEdd1g==",
            "content_md5": "908128029914397de232d7ca54a87e80",
            "content_sha1": "95919a60a20353cb99699bf3f98a56344d85ebe0",
            "content_sha256": "cc888963e73e35ecb9522ff293d363a73a3f7b634206e40056283780005f03f4",
            "content_sha512": "24e709da222e6898d16a1db875b7a3e2b7754d3d99eb46120fc36b16a529cfd81cc3da87967fe064bb9b322064f662173c6b90b8fb674121ee471d4b98475dd6",
            "directory_permission": "0777",
            "file_permission": "0777",
            "filename": "swine.txt",
            "id": "95919a60a20353cb99699bf3f98a56344d85ebe0",
            "sensitive_content": null,
            "source": null
          },
          "sensitive_attributes": []
        }
      ]
    }
  ],
  "check_results": null
}
