{
  "version": 4,
  "terraform_version": "1.7.5",
  "serial": 15,
  "lineage": "3552f7ce-cd71-01de-aa89-1a6b5e913291",
  "outputs": {},
  "resources": [
    {
      "mode": "managed",
      "type": "local_file",
      "name": "cats",
      "provider": "provider[\"registry.terraform.io/hashicorp/local\"]",
      "instances": [
        {
          "schema_version": 0,
          "attributes": {
            "content": "My name is muss,  I am 1 years old. Am I ur favorite? true",
            "content_base64": null,
            "content_base64sha256": "jfEtC3yrKR72oNJsRx/DVf0pUs9xOWtZ0feqZBw7Fck=",
            "content_base64sha512": "YbwdM4ZNaPwOLv1tinDz18BarnLZ9CedqqIQYPluTew7ILCZdMaGVU3YeNgJ2iPgFJO5YhTJ1XxqC5LFdLQzHw==",
            "content_md5": "e06a355c709473d1fd52e659c887dd28",
            "content_sha1": "2a9f3a92632a0bd5e700dbd5c228305174a85a99",
            "content_sha256": "8df12d0b7cab291ef6a0d26c471fc355fd2952cf71396b59d1f7aa641c3b15c9",
            "content_sha512": "61bc1d33864d68fc0e2efd6d8a70f3d7c05aae72d9f4279daaa21060f96e4dec3b20b09974c686554dd878d809da23e01493b96214c9d57c6a0b92c574b4331f",
            "directory_permission": "0777",
            "file_permission": "0777",
            "filename": "cats.txt",
            "id": "2a9f3a92632a0bd5e700dbd5c228305174a85a99",
            "sensitive_content": null,
            "source": null
          },
          "sensitive_attributes": []
        }
      ]
    },
    {
      "mode": "managed",
      "type": "local_file",
      "name": "dog",
      "provider": "provider[\"registry.terraform.io/hashicorp/local\"]",
      "instances": [
        {
          "schema_version": 0,
          "attributes": {
            "content": "My name is spike,  I am 2 years old and I love chicken. Am I ur favorite? true",
            "content_base64": null,
            "content_base64sha256": "dMgBAKavS0PHS2vkO9F/bFoWTOblnmKOJHkuEyCNnGI=",
            "content_base64sha512": "qAXTQmirl1H7n/Mabg3Lg+Z3LeKIfhFdQxPqHjQ6T+13sgroqufDafvew4xDj6h6hhIbNmL3M/GSP1rPaBVckA==",
            "content_md5": "c6028d32192fcbafacbb0485bc5206c4",
            "content_sha1": "ce0ff07f3d6f549ee11119279d6cb0f39a6a588a",
            "content_sha256": "74c80100a6af4b43c74b6be43bd17f6c5a164ce6e59e628e24792e13208d9c62",
            "content_sha512": "a805d34268ab9751fb9ff31a6e0dcb83e6772de2887e115d4313ea1e343a4fed77b20ae8aae7c369fbdec38c438fa87a86121b3662f733f1923f5acf68155c90",
            "directory_permission": "0777",
            "file_permission": "0777",
            "filename": "dogs.txt",
            "id": "ce0ff07f3d6f549ee11119279d6cb0f39a6a588a",
            "sensitive_content": null,
            "source": null
          },
          "sensitive_attributes": []
        }
      ]
    },
    {
      "mode": "managed",
      "type": "local_file",
      "name": "pets",
      "provider": "provider[\"registry.terraform.io/hashicorp/local\"]",
      "instances": [
        {
          "schema_version": 0,
          "attributes": {
            "content": "They love pets!",
            "content_base64": null,
            "content_base64sha256": "ntIKjTEPbSeorCtCc12hIJbVwQOYqtrJysCVXnNSFCQ=",
            "content_base64sha512": "NOD1hmUKHn9xkduhVMrTES2P7CSf1p04GMtn6LQcgK+/yAcQVUUK0uYtCnV34YHyqP7sJLUx6VYJLGF4ao/MPw==",
            "content_md5": "418b4a3a51de6758f236e466f9818d74",
            "content_sha1": "e34a7082458de1ee0202c6d43b1fc2566474d399",
            "content_sha256": "9ed20a8d310f6d27a8ac2b42735da12096d5c10398aadac9cac0955e73521424",
            "content_sha512": "34e0f586650a1e7f7191dba154cad3112d8fec249fd69d3818cb67e8b41c80afbfc8071055450ad2e62d0a7577e181f2a8feec24b531e956092c61786a8fcc3f",
            "directory_permission": "0777",
            "file_permission": "0777",
            "filename": "pets.txt",
            "id": "e34a7082458de1ee0202c6d43b1fc2566474d399",
            "sensitive_content": null,
            "source": null
          },
          "sensitive_attributes": []
        }
      ]
    },
    {
      "mode": "managed",
      "type": "random_pet",
      "name": "my_pet",
      "provider": "provider[\"registry.terraform.io/hashicorp/random\"]",
      "instances": [
        {
          "schema_version": 0,
          "attributes": {
            "id": "Mr.tuna",
            "keepers": null,
            "length": 1,
            "prefix": "Mr",
            "separator": "."
          },
          "sensitive_attributes": []
        }
      ]
    }
  ],
  "check_results": null
}
