{
  "version": 4,
  "terraform_version": "1.7.5",
  "serial": 3,
  "lineage": "92b49b59-c789-d01f-ef13-6daa5ae62e91",
  "outputs": {
    "fruit_content": {
      "value": "i love fruits cuz they are very nutritive and natural",
      "type": "string"
    },
    "fruit_id": {
      "value": "53a43a9eb0f85f5cfcac07f43f19ca4273d066a2",
      "type": "string"
    }
  },
  "resources": [
    {
      "mode": "managed",
      "type": "local_file",
      "name": "fruits",
      "provider": "provider[\"registry.terraform.io/hashicorp/local\"]",
      "instances": [
        {
          "schema_version": 0,
          "attributes": {
            "content": "i love fruits cuz they are very nutritive and natural",
            "content_base64": null,
            "content_base64sha256": "7qDQ74frG0tn3puoeeFAYmFQQBGNT4ujq/FColsnd70=",
            "content_base64sha512": "BnrSgUis2eFR/3hqDkxgRlHEZ5oK0S5+wUphxhJLo3uR016ig5nODxpChzAt9sQqmikCRdolzlCHTh+IX7uTSA==",
            "content_md5": "93c7539d3a886c82f3ad7cc38cf190bf",
            "content_sha1": "53a43a9eb0f85f5cfcac07f43f19ca4273d066a2",
            "content_sha256": "eea0d0ef87eb1b4b67de9ba879e14062615040118d4f8ba3abf142a25b2777bd",
            "content_sha512": "067ad28148acd9e151ff786a0e4c604651c4679a0ad12e7ec14a61c6124ba37b91d35ea28399ce0f1a4287302df6c42a9a290245da25ce50874e1f885fbb9348",
            "directory_permission": "0777",
            "file_permission": "0777",
            "filename": "fruits.txt",
            "id": "53a43a9eb0f85f5cfcac07f43f19ca4273d066a2",
            "sensitive_content": null,
            "source": null
          },
          "sensitive_attributes": []
        }
      ]
    }
  ],
  "check_results": null
}
